// !$*UTF8*$!
{
	archiveVersion = 1;
	classes = {
	};
	objectVersion = 50;
	objects = {

/* Begin PBXBuildFile section */
		CD877A6B247BB44700004666 /* AppDelegate.swift in Sources */ = {isa = PBXBuildFile; fileRef = CD877A6A247BB44700004666 /* AppDelegate.swift */; };
		CD877A6D247BB44700004666 /* SceneDelegate.swift in Sources */ = {isa = PBXBuildFile; fileRef = CD877A6C247BB44700004666 /* SceneDelegate.swift */; };
		CD877A6F247BB44700004666 /* ViewController.swift in Sources */ = {isa = PBXBuildFile; fileRef = CD877A6E247BB44700004666 /* ViewController.swift */; };
		CD877A72247BB44700004666 /* Main.storyboard in Resources */ = {isa = PBXBuildFile; fileRef = CD877A70247BB44700004666 /* Main.storyboard */; };
		CD877A74247BB44D00004666 /* Assets.xcassets in Resources */ = {isa = PBXBuildFile; fileRef = CD877A73247BB44D00004666 /* Assets.xcassets */; };
		CD877A77247BB44D00004666 /* LaunchScreen.storyboard in Resources */ = {isa = PBXBuildFile; fileRef = CD877A75247BB44D00004666 /* LaunchScreen.storyboard */; };
		CD877A7F247BB6AB00004666 /* CreateViewController.swift in Sources */ = {isa = PBXBuildFile; fileRef = CD877A7E247BB6AB00004666 /* CreateViewController.swift */; };
		CDA9655824AEFD700007B213 /* TodoData.swift in Sources */ = {isa = PBXBuildFile; fileRef = CDA9655724AEFD700007B213 /* TodoData.swift */; };
		CDA9655C24AF705B0007B213 /* DetailViewController.swift in Sources */ = {isa = PBXBuildFile; fileRef = CDA9655B24AF705B0007B213 /* DetailViewController.swift */; };
		CDF55D7024B0BB09005AA72A /* icon.png in Resources */ = {isa = PBXBuildFile; fileRef = CDF55D6F24B0BB09005AA72A /* icon.png */; };
		CDFC17A224ADFD07002C7763 /* TodoTableViewController.swift in Sources */ = {isa = PBXBuildFile; fileRef = CDFC17A124ADFD07002C7763 /* TodoTableViewController.swift */; };
		CDFC17A424AE1867002C7763 /* InsertViewController.swift in Sources */ = {isa = PBXBuildFile; fileRef = CDFC17A324AE1867002C7763 /* InsertViewController.swift */; };
/* End PBXBuildFile section */

/* Begin PBXFileReference section */
		CD877A67247BB44700004666 /* ServerLogin.app */ = {isa = PBXFileReference; explicitFileType = wrapper.application; includeInIndex = 0; path = ServerLogin.app; sourceTree = BUILT_PRODUCTS_DIR; };
		CD877A6A247BB44700004666 /* AppDelegate.swift */ = {isa = PBXFileReference; lastKnownFileType = sourcecode.swift; path = AppDelegate.swift; sourceTree = "<group>"; };
		CD877A6C247BB44700004666 /* SceneDelegate.swift */ = {isa = PBXFileReference; lastKnownFileType = sourcecode.swift; path = SceneDelegate.swift; sourceTree = "<group>"; };
		CD877A6E247BB44700004666 /* ViewController.swift */ = {isa = PBXFileReference; lastKnownFileType = sourcecode.swift; path = ViewController.swift; sourceTree = "<group>"; };
		CD877A71247BB44700004666 /* Base */ = {isa = PBXFileReference; lastKnownFileType = file.storyboard; name = Base; path = Base.lproj/Main.storyboard; sourceTree = "<group>"; };
		CD877A73247BB44D00004666 /* Assets.xcassets */ = {isa = PBXFileReference; lastKnownFileType = folder.assetcatalog; path = Assets.xcassets; sourceTree = "<group>"; };
		CD877A76247BB44D00004666 /* Base */ = {isa = PBXFileReference; lastKnownFileType = file.storyboard; name = Base; path = Base.lproj/LaunchScreen.storyboard; sourceTree = "<group>"; };
		CD877A78247BB44D00004666 /* Info.plist */ = {isa = PBXFileReference; lastKnownFileType = text.plist.xml; path = Info.plist; sourceTree = "<group>"; };
		CD877A7E247BB6AB00004666 /* CreateViewController.swift */ = {isa = PBXFileReference; lastKnownFileType = sourcecode.swift; path = CreateViewController.swift; sourceTree = "<group>"; };
		CDA9655724AEFD700007B213 /* TodoData.swift */ = {isa = PBXFileReference; lastKnownFileType = sourcecode.swift; path = TodoData.swift; sourceTree = "<group>"; };
		CDA9655B24AF705B0007B213 /* DetailViewController.swift */ = {isa = PBXFileReference; lastKnownFileType = sourcecode.swift; path = DetailViewController.swift; sourceTree = "<group>"; };
		CDF55D6F24B0BB09005AA72A /* icon.png */ = {isa = PBXFileReference; lastKnownFileType = image.png; path = icon.png; sourceTree = "<group>"; };
		CDFC17A124ADFD07002C7763 /* TodoTableViewController.swift */ = {isa = PBXFileReference; lastKnownFileType = sourcecode.swift; path = TodoTableViewController.swift; sourceTree = "<group>"; };
		CDFC17A324AE1867002C7763 /* InsertViewController.swift */ = {isa = PBXFileReference; lastKnownFileType = sourcecode.swift; path = InsertViewController.swift; sourceTree = "<group>"; };
/* End PBXFileReference section */

/* Begin PBXFrameworksBuildPhase section */
		CD877A64247BB44700004666 /* Frameworks */ = {
			isa = PBXFrameworksBuildPhase;
			buildActionMask = 2147483647;
			files = (
			);
			runOnlyForDeploymentPostprocessing = 0;
		};
/* End PBXFrameworksBuildPhase section */

/* Begin PBXGroup section */
		CD877A5E247BB44700004666 = {
			isa = PBXGroup;
			children = (
				CD877A69247BB44700004666 /* ServerLogin */,
				CD877A68247BB44700004666 /* Products */,
			);
			sourceTree = "<group>";
		};
		CD877A68247BB44700004666 /* Products */ = {
			isa = PBXGroup;
			children = (
				CD877A67247BB44700004666 /* ServerLogin.app */,
			);
			name = Products;
			sourceTree = "<group>";
		};
		CD877A69247BB44700004666 /* ServerLogin */ = {
			isa = PBXGroup;
			children = (
				CDF55D6F24B0BB09005AA72A /* icon.png */,
				CD877A6A247BB44700004666 /* AppDelegate.swift */,
				CD877A6C247BB44700004666 /* SceneDelegate.swift */,
				CD877A6E247BB44700004666 /* ViewController.swift */,
				CD877A7E247BB6AB00004666 /* CreateViewController.swift */,
				CDFC17A124ADFD07002C7763 /* TodoTableViewController.swift */,
				CDFC17A324AE1867002C7763 /* InsertViewController.swift */,
				CDA9655724AEFD700007B213 /* TodoData.swift */,
				CDA9655B24AF705B0007B213 /* DetailViewController.swift */,
				CD877A70247BB44700004666 /* Main.storyboard */,
				CD877A73247BB44D00004666 /* Assets.xcassets */,
				CD877A75247BB44D00004666 /* LaunchScreen.storyboard */,
				CD877A78247BB44D00004666 /* Info.plist */,
			);
			path = ServerLogin;
			sourceTree = "<group>";
		};
/* End PBXGroup section */

/* Begin PBXNativeTarget section */
		CD877A66247BB44700004666 /* ServerLogin */ = {
			isa = PBXNativeTarget;
			buildConfigurationList = CD877A7B247BB44D00004666 /* Build configuration list for PBXNativeTarget "ServerLogin" */;
			buildPhases = (
				CD877A63247BB44700004666 /* Sources */,
				CD877A64247BB44700004666 /* Frameworks */,
				CD877A65247BB44700004666 /* Resources */,
			);
			buildRules = (
			);
			dependencies = (
			);
			name = ServerLogin;
			productName = ServerLogin;
			productReference = CD877A67247BB44700004666 /* ServerLogin.app */;
			productType = "com.apple.product-type.application";
		};
/* End PBXNativeTarget section */

/* Begin PBXProject section */
		CD877A5F247BB44700004666 /* Project object */ = {
			isa = PBXProject;
			attributes = {
				LastSwiftUpdateCheck = 1130;
				LastUpgradeCheck = 1130;
				ORGANIZATIONNAME = SWUCOMPUTER;
				TargetAttributes = {
					CD877A66247BB44700004666 = {
						CreatedOnToolsVersion = 11.3.1;
					};
				};
			};
			buildConfigurationList = CD877A62247BB44700004666 /* Build configuration list for PBXProject "ServerLogin" */;
			compatibilityVersion = "Xcode 9.3";
			developmentRegion = en;
			hasScannedForEncodings = 0;
			knownRegions = (
				en,
				Base,
			);
			mainGroup = CD877A5E247BB44700004666;
			productRefGroup = CD877A68247BB44700004666 /* Products */;
			projectDirPath = "";
			projectRoot = "";
			targets = (
				CD877A66247BB44700004666 /* ServerLogin */,
			);
		};
/* End PBXProject section */

/* Begin PBXResourcesBuildPhase section */
		CD877A65247BB44700004666 /* Resources */ = {
			isa = PBXResourcesBuildPhase;
			buildActionMask = 2147483647;
			files = (
				CDF55D7024B0BB09005AA72A /* icon.png in Resources */,
				CD877A77247BB44D00004666 /* LaunchScreen.storyboard in Resources */,
				CD877A74247BB44D00004666 /* Assets.xcassets in Resources */,
				CD877A72247BB44700004666 /* Main.storyboard in Resources */,
			);
			runOnlyForDeploymentPostprocessing = 0;
		};
/* End PBXResourcesBuildPhase section */

/* Begin PBXSourcesBuildPhase section */
		CD877A63247BB44700004666 /* Sources */ = {
			isa = PBXSourcesBuildPhase;
			buildActionMask = 2147483647;
			files = (
				CDFC17A224ADFD07002C7763 /* TodoTableViewController.swift in Sources */,
				CD877A7F247BB6AB00004666 /* CreateViewController.swift in Sources */,
				CD877A6F247BB44700004666 /* ViewController.swift in Sources */,
				CDFC17A424AE1867002C7763 /* InsertViewController.swift in Sources */,
				CD877A6B247BB44700004666 /* AppDelegate.swift in Sources */,
				CDA9655824AEFD700007B213 /* TodoData.swift in Sources */,
				CD877A6D247BB44700004666 /* SceneDelegate.swift in Sources */,
				CDA9655C24AF705B0007B213 /* DetailViewController.swift in Sources */,
			);
			runOnlyForDeploymentPostprocessing = 0;
		};
/* End PBXSourcesBuildPhase section */

/* Begin PBXVariantGroup section */
		CD877A70247BB44700004666 /* Main.storyboard */ = {
			isa = PBXVariantGroup;
			children = (
				CD877A71247BB44700004666 /* Base */,
			);
			name = Main.storyboard;
			sourceTree = "<group>";
		};
		CD877A75247BB44D00004666 /* LaunchScreen.storyboard */ = {
			isa = PBXVariantGroup;
			children = (
				CD877A76247BB44D00004666 /* Base */,
			);
			name = LaunchScreen.storyboard;
			sourceTree = "<group>";
		};
/* End PBXVariantGroup section */

/* Begin XCBuildConfiguration section */
		CD877A79247BB44D00004666 /* Debug */ = {
			isa = XCBuildConfiguration;
			buildSettings = {
				ALWAYS_SEARCH_USER_PATHS = NO;
				CLANG_ANALYZER_NONNULL = YES;
				CLANG_ANALYZER_NUMBER_OBJECT_CONVERSION = YES_AGGRESSIVE;
				CLANG_CXX_LANGUAGE_STANDARD = "gnu++14";
				CLANG_CXX_LIBRARY = "libc++";
				CLANG_ENABLE_MODULES = YES;
				CLANG_ENABLE_OBJC_ARC = YES;
				CLANG_ENABLE_OBJC_WEAK = YES;
				CLANG_WARN_BLOCK_CAPTURE_AUTORELEASING = YES;
				CLANG_WARN_BOOL_CONVERSION = YES;
				CLANG_WARN_COMMA = YES;
				CLANG_WARN_CONSTANT_CONVERSION = YES;
				CLANG_WARN_DEPRECATED_OBJC_IMPLEMENTATIONS = YES;
				CLANG_WARN_DIRECT_OBJC_ISA_USAGE = YES_ERROR;
				CLANG_WARN_DOCUMENTATION_COMMENTS = YES;
				CLANG_WARN_EMPTY_BODY = YES;
				CLANG_WARN_ENUM_CONVERSION = YES;
				CLANG_WARN_INFINITE_RECURSION = YES;
				CLANG_WARN_INT_CONVERSION = YES;
				CLANG_WARN_NON_LITERAL_NULL_CONVERSION = YES;
				CLANG_WARN_OBJC_IMPLICIT_RETAIN_SELF = YES;
				CLANG_WARN_OBJC_LITERAL_CONVERSION = YES;
				CLANG_WARN_OBJC_ROOT_CLASS = YES_ERROR;
				CLANG_WARN_RANGE_LOOP_ANALYSIS = YES;
				CLANG_WARN_STRICT_PROTOTYPES = YES;
				CLANG_WARN_SUSPICIOUS_MOVE = YES;
				CLANG_WARN_UNGUARDED_AVAILABILITY = YES_AGGRESSIVE;
				CLANG_WARN_UNREACHABLE_CODE = YES;
				CLANG_WARN__DUPLICATE_METHOD_MATCH = YES;
				COPY_PHASE_STRIP = NO;
				DEBUG_INFORMATION_FORMAT = dwarf;
				ENABLE_STRICT_OBJC_MSGSEND = YES;
				ENABLE_TESTABILITY = YES;
				GCC_C_LANGUAGE_STANDARD = gnu11;
				GCC_DYNAMIC_NO_PIC = NO;
				GCC_NO_COMMON_BLOCKS = YES;
				GCC_OPTIMIZATION_LEVEL = 0;
				GCC_PREPROCESSOR_DEFINITIONS = (
					"DEBUG=1",
					"$(inherited)",
				);
				GCC_WARN_64_TO_32_BIT_CONVERSION = YES;
				GCC_WARN_ABOUT_RETURN_TYPE = YES_ERROR;
				GCC_WARN_UNDECLARED_SELECTOR = YES;
				GCC_WARN_UNINITIALIZED_AUTOS = YES_AGGRESSIVE;
				GCC_WARN_UNUSED_FUNCTION = YES;
				GCC_WARN_UNUSED_VARIABLE = YES;
				IPHONEOS_DEPLOYMENT_TARGET = 13.2;
				MTL_ENABLE_DEBUG_INFO = INCLUDE_SOURCE;
				MTL_FAST_MATH = YES;
				ONLY_ACTIVE_ARCH = YES;
				SDKROOT = iphoneos;
				SWIFT_ACTIVE_COMPILATION_CONDITIONS = DEBUG;
				SWIFT_OPTIMIZATION_LEVEL = "-Onone";
			};
			name = Debug;
		};
		CD877A7A247BB44D00004666 /* Release */ = {
			isa = XCBuildConfiguration;
			buildSettings = {
				ALWAYS_SEARCH_USER_PATHS = NO;
				CLANG_ANALYZER_NONNULL = YES;
				CLANG_ANALYZER_NUMBER_OBJECT_CONVERSION = YES_AGGRESSIVE;
				CLANG_CXX_LANGUAGE_STANDARD = "gnu++14";
				CLANG_CXX_LIBRARY = "libc++";
				CLANG_ENABLE_MODULES = YES;
				CLANG_ENABLE_OBJC_ARC = YES;
				CLANG_ENABLE_OBJC_WEAK = YES;
				CLANG_WARN_BLOCK_CAPTURE_AUTORELEASING = YES;
				CLANG_WARN_BOOL_CONVERSION = YES;
				CLANG_WARN_COMMA = YES;
				CLANG_WARN_CONSTANT_CONVERSION = YES;
				CLANG_WARN_DEPRECATED_OBJC_IMPLEMENTATIONS = YES;
				CLANG_WARN_DIRECT_OBJC_ISA_USAGE = YES_ERROR;
				CLANG_WARN_DOCUMENTATION_COMMENTS = YES;
				CLANG_WARN_EMPTY_BODY = YES;
				CLANG_WARN_ENUM_CONVERSION = YES;
				CLANG_WARN_INFINITE_RECURSION = YES;
				CLANG_WARN_INT_CONVERSION = YES;
				CLANG_WARN_NON_LITERAL_NULL_CONVERSION = YES;
				CLANG_WARN_OBJC_IMPLICIT_RETAIN_SELF = YES;
				CLANG_WARN_OBJC_LITERAL_CONVERSION = YES;
				CLANG_WARN_OBJC_ROOT_CLASS = YES_ERROR;
				CLANG_WARN_RANGE_LOOP_ANALYSIS = YES;
				CLANG_WARN_STRICT_PROTOTYPES = YES;
				CLANG_WARN_SUSPICIOUS_MOVE = YES;
				CLANG_WARN_UNGUARDED_AVAILABILITY = YES_AGGRESSIVE;
				CLANG_WARN_UNREACHABLE_CODE = YES;
				CLANG_WARN__DUPLICATE_METHOD_MATCH = YES;
				COPY_PHASE_STRIP = NO;
				DEBUG_INFORMATION_FORMAT = "dwarf-with-dsym";
				ENABLE_NS_ASSERTIONS = NO;
				ENABLE_STRICT_OBJC_MSGSEND = YES;
				GCC_C_LANGUAGE_STANDARD = gnu11;
				GCC_NO_COMMON_BLOCKS = YES;
				GCC_WARN_64_TO_32_BIT_CONVERSION = YES;
				GCC_WARN_ABOUT_RETURN_TYPE = YES_ERROR;
				GCC_WARN_UNDECLARED_SELECTOR = YES;
				GCC_WARN_UNINITIALIZED_AUTOS = YES_AGGRESSIVE;
				GCC_WARN_UNUSED_FUNCTION = YES;
				GCC_WARN_UNUSED_VARIABLE = YES;
				IPHONEOS_DEPLOYMENT_TARGET = 13.2;
				MTL_ENABLE_DEBUG_INFO = NO;
				MTL_FAST_MATH = YES;
				SDKROOT = iphoneos;
				SWIFT_COMPILATION_MODE = wholemodule;
				SWIFT_OPTIMIZATION_LEVEL = "-O";
				VALIDATE_PRODUCT = YES;
			};
			name = Release;
		};
		CD877A7C247BB44D00004666 /* Debug */ = {
			isa = XCBuildConfiguration;
			buildSettings = {
				ASSETCATALOG_COMPILER_APPICON_NAME = AppIcon;
				CODE_SIGN_STYLE = Automatic;
				INFOPLIST_FILE = ServerLogin/Info.plist;
				LD_RUNPATH_SEARCH_PATHS = (
					"$(inherited)",
					"@executable_path/Frameworks",
				);
				PRODUCT_BUNDLE_IDENTIFIER = kr.ac.swu.ServerLogin;
				PRODUCT_NAME = "$(TARGET_NAME)";
				SWIFT_VERSION = 5.0;
				TARGETED_DEVICE_FAMILY = "1,2";
			};
			name = Debug;
		};
		CD877A7D247BB44D00004666 /* Release */ = {
			isa = XCBuildConfiguration;
			buildSettings = {
				ASSETCATALOG_COMPILER_APPICON_NAME = AppIcon;
				CODE_SIGN_STYLE = Automatic;
				INFOPLIST_FILE = ServerLogin/Info.plist;
				LD_RUNPATH_SEARCH_PATHS = (
					"$(inherited)",
					"@executable_path/Frameworks",
				);
				PRODUCT_BUNDLE_IDENTIFIER = kr.ac.swu.ServerLogin;
				PRODUCT_NAME = "$(TARGET_NAME)";
				SWIFT_VERSION = 5.0;
				TARGETED_DEVICE_FAMILY = "1,2";
			};
			name = Release;
		};
/* End XCBuildConfiguration section */

/* Begin XCConfigurationList section */
		CD877A62247BB44700004666 /* Build configuration list for PBXProject "ServerLogin" */ = {
			isa = XCConfigurationList;
			buildConfigurations = (
				CD877A79247BB44D00004666 /* Debug */,
				CD877A7A247BB44D00004666 /* Release */,
			);
			defaultConfigurationIsVisible = 0;
			defaultConfigurationName = Release;
		};
		CD877A7B247BB44D00004666 /* Build configuration list for PBXNativeTarget "ServerLogin" */ = {
			isa = XCConfigurationList;
			buildConfigurations = (
				CD877A7C247BB44D00004666 /* Debug */,
				CD877A7D247BB44D00004666 /* Release */,
			);
			defaultConfigurationIsVisible = 0;
			defaultConfigurationName = Release;
		};
/* End XCConfigurationList section */
	};
	rootObject = CD877A5F247BB44700004666 /* Project object */;
}
